github.com/baa-middleware/recovery v0.0.0-20160406112813-bc8b76067831 h1:nAoUej7/9teCJAb9i/ZnQGOTsKxtWTCWI6MwkQVtsrQ=
github.com/baa-middleware/recovery v0.0.0-20160406112813-bc8b76067831/go.mod h1:SPnBsjA9Jrtk+Qr1ShHcZAT0q+Kq9qHcAC7U/FLq7d8=
github.com/baa-middleware/static v0.0.0-20161010104800-4b3f2e1ef2f0 h1:nxxeSd7X020akRRR2BCNCe8X2+8NQNLItL76DH5XGb4=
github.com/baa-middleware/static v0.0.0-20161010104800-4b3f2e1ef2f0/go.mod h1:8uGz6t8oupyYysLzde/NfxFDQMVWt/andmMPrpYUikA=
github.com/golang/crypto v0.0.0-20190426145343-a29dc8fdc734/go.mod h1:yigFU9vqHzYiE8UmvKecakEJjdnWj3jj499lnFckfCI=
github.com/golang/net v0.0.0-20190424112056-4829fb13d2c6 h1:EwKW3aQEwF1H2uMl3eLRBAnYsUcDf6W2sJpHbGZlkA0=
github.com/golang/net v0.0.0-20190424112056-4829fb13d2c6/go.mod h1:t9HGtf8HONx5eT2rtn7q6eTqICYqUVnKs3thJo3Qplg=
github.com/golang/sync v0.0.0-20190423024810-112230192c58/go.mod h1:RxMgew5VJxzue5/jJTE5uejpjVlOe/izrB70Jof72aM=
github.com/golang/sys v0.0.0-20190429190828-d89cdac9e872/go.mod h1:h1NjWce9XRLGQEsW7wpKNCjG9DtNlClVuFLEZdDNbEs=
github.com/golang/text v0.3.2/go.mod h1:bEr9sfX3Q8Zfm5fL9x+3itogRgK3+ptLWKqgva+5dAk=
github.com/golang/tools v0.0.0-20190430004104-b9fed7929fc1/go.mod h1:RgjU9mgBXZiqYHBnxXauZ1Gv1EHHAz9KjViQ78xBX0Q=
github.com/gorilla/websocket v1.4.0 h1:WDFjx/TMzVgy9VdMMQi2K2Emtwi2QcUQsztZ/zLaH/Q=
github.com/gorilla/websocket v1.4.0/go.mod h1:E7qHFY5m1UJ88s3WnNqhKjPHQ0heANvMoAMk2YaljkQ=
github.com/json-iterator/go v1.1.6 h1:MrUvLMLTMxbqFJ9kzlvat/rYZqZnW3u4wkLzWTaFwKs=
github.com/json-iterator/go v1.1.6/go.mod h1:+SdeFBvtyEkXs7REEP0seUULqWtbJapLOCVDaaPEHmU=
github.com/modern-go/concurrent v0.0.0-20180306012644-bacd9c7ef1dd h1:TRLaZ9cD/w8PVh93nsPXa1VrQ6jlwL5oN8l14QlcNfg=
github.com/modern-go/concurrent v0.0.0-20180306012644-bacd9c7ef1dd/go.mod h1:6dJC0mAP4ikYIbvyc7fijjWJddQyLn8Ig3JB5CqoB9Q=
github.com/modern-go/reflect2 v1.0.1 h1:9f412s+6RmYXLWZSEzVVgPGK7C2PphHj5RJrvfx9AWI=
github.com/modern-go/reflect2 v1.0.1/go.mod h1:bx2lNnkwVCuqBIxFjflWJWanXIb3RllmbCylyMrvgv0=
github.com/qiniu/api.v7 v7.2.5+incompatible h1:6KKaGt7MbFzVGSniwzv7qsM/Qv0or4SkRJfmak8LqZE=
github.com/qiniu/api.v7 v7.2.5+incompatible/go.mod h1:V8/EzlTgLN6q0s0CJmg/I81ytsvldSF22F7h6MI02+c=
github.com/qiniu/x v7.0.8+incompatible h1:P4LASsfwJY7SoZ13dwqBwGhZh7HKU8cdFVCUkmz0gZ8=
github.com/qiniu/x v7.0.8+incompatible/go.mod h1:KpRKWYG/GaidPQVpoQ2Cvuvtts3gYnoo2PftgdmAiU4=
github.com/timest/env v0.0.0-20180717050204-5fce78d35255 h1:dDesTEcEuYIc8RNMm5dWWxamlr7m4x4MhCryWDBVaik=
github.com/timest/env v0.0.0-20180717050204-5fce78d35255/go.mod h1:PKIuG7CPWS0/fq1dphTqvt0RZm0w4fp4eZxBQDJhJxs=
gopkg.in/baa.v1 v1.2.32 h1:Ogunc5RjgAkrmd9SYlUh5RxnbuPg4VuXLi0U7ta2W38=
gopkg.in/baa.v1 v1.2.32/go.mod h1:aumtvV4jl+vwW6KUQ0i+dGEfr6j4w0VfN8D48OrZ8eE=
qiniupkg.com/x v7.0.8+incompatible h1:Ek0ZVi5IyaWUAFkJbPRiqlh34xDM4uoKw7KqdpankvU=
qiniupkg.com/x v7.0.8+incompatible/go.mod h1:6sLxR5IZ03vMaRAQAY/5MvzofeoBIjO4XE0Njv6V1ms=
